// !$*UTF8*$!
{
	archiveVersion = 1;
	classes = {
	};
	objectVersion = 46;
	objects = {

/* Begin PBXBuildFile section */
		E12043BE1BD28FA30042A843 /* GameStandardViewController.swift in Sources */ = {isa = PBXBuildFile; fileRef = E12043BD1BD28FA30042A843 /* GameStandardViewController.swift */; };
		E12043C01BD290630042A843 /* SettingsViewController.swift in Sources */ = {isa = PBXBuildFile; fileRef = E12043BF1BD290630042A843 /* SettingsViewController.swift */; };
		E19CC6371C4179AC007DF322 /* FigureViewController.swift in Sources */ = {isa = PBXBuildFile; fileRef = E19CC6361C4179AC007DF322 /* FigureViewController.swift */; };
		E19FB4671BD2831800451106 /* AppDelegate.swift in Sources */ = {isa = PBXBuildFile; fileRef = E19FB4661BD2831800451106 /* AppDelegate.swift */; };
		E19FB4691BD2831800451106 /* StartViewController.swift in Sources */ = {isa = PBXBuildFile; fileRef = E19FB4681BD2831800451106 /* StartViewController.swift */; };
		E19FB46C1BD2831800451106 /* Main.storyboard in Resources */ = {isa = PBXBuildFile; fileRef = E19FB46A1BD2831800451106 /* Main.storyboard */; };
		E19FB46E1BD2831800451106 /* Assets.xcassets in Resources */ = {isa = PBXBuildFile; fileRef = E19FB46D1BD2831800451106 /* Assets.xcassets */; };
		E1E4F25E1C020E0300293E3F /* SettingsManager.swift in Sources */ = {isa = PBXBuildFile; fileRef = E1E4F25D1C020E0300293E3F /* SettingsManager.swift */; };
		E1E589891C25855C00C2C784 /* GameExtendedViewController.swift in Sources */ = {isa = PBXBuildFile; fileRef = E1E589881C25855C00C2C784 /* GameExtendedViewController.swift */; };
/* End PBXBuildFile section */

/* Begin PBXFileReference section */
		E12043BD1BD28FA30042A843 /* GameStandardViewController.swift */ = {isa = PBXFileReference; fileEncoding = 4; lastKnownFileType = sourcecode.swift; path = GameStandardViewController.swift; sourceTree = "<group>"; };
		E12043BF1BD290630042A843 /* SettingsViewController.swift */ = {isa = PBXFileReference; fileEncoding = 4; lastKnownFileType = sourcecode.swift; path = SettingsViewController.swift; sourceTree = "<group>"; };
		E19CC6361C4179AC007DF322 /* FigureViewController.swift */ = {isa = PBXFileReference; fileEncoding = 4; lastKnownFileType = sourcecode.swift; path = FigureViewController.swift; sourceTree = "<group>"; };
		E19FB4631BD2831800451106 /* tic tac toe.app */ = {isa = PBXFileReference; explicitFileType = wrapper.application; includeInIndex = 0; path = "tic tac toe.app"; sourceTree = BUILT_PRODUCTS_DIR; };
		E19FB4661BD2831800451106 /* AppDelegate.swift */ = {isa = PBXFileReference; lastKnownFileType = sourcecode.swift; path = AppDelegate.swift; sourceTree = "<group>"; };
		E19FB4681BD2831800451106 /* StartViewController.swift */ = {isa = PBXFileReference; lastKnownFileType = sourcecode.swift; path = StartViewController.swift; sourceTree = "<group>"; };
		E19FB46B1BD2831800451106 /* Base */ = {isa = PBXFileReference; lastKnownFileType = file.storyboard; name = Base; path = Base.lproj/Main.storyboard; sourceTree = "<group>"; };
		E19FB46D1BD2831800451106 /* Assets.xcassets */ = {isa = PBXFileReference; lastKnownFileType = folder.assetcatalog; path = Assets.xcassets; sourceTree = "<group>"; };
		E19FB46F1BD2831800451106 /* Info.plist */ = {isa = PBXFileReference; lastKnownFileType = text.plist.xml; path = Info.plist; sourceTree = "<group>"; };
		E1E4F25D1C020E0300293E3F /* SettingsManager.swift */ = {isa = PBXFileReference; fileEncoding = 4; lastKnownFileType = sourcecode.swift; path = SettingsManager.swift; sourceTree = "<group>"; };
		E1E589881C25855C00C2C784 /* GameExtendedViewController.swift */ = {isa = PBXFileReference; fileEncoding = 4; lastKnownFileType = sourcecode.swift; path = GameExtendedViewController.swift; sourceTree = "<group>"; };
/* End PBXFileReference section */

/* Begin PBXFrameworksBuildPhase section */
		E19FB4601BD2831800451106 /* Frameworks */ = {
			isa = PBXFrameworksBuildPhase;
			buildActionMask = 2147483647;
			files = (
			);
			runOnlyForDeploymentPostprocessing = 0;
		};
/* End PBXFrameworksBuildPhase section */

/* Begin PBXGroup section */
		E19FB45A1BD2831800451106 = {
			isa = PBXGroup;
			children = (
				E19FB4651BD2831800451106 /* tic tac toe */,
				E19FB4641BD2831800451106 /* Products */,
			);
			sourceTree = "<group>";
		};
		E19FB4641BD2831800451106 /* Products */ = {
			isa = PBXGroup;
			children = (
				E19FB4631BD2831800451106 /* tic tac toe.app */,
			);
			name = Products;
			sourceTree = "<group>";
		};
		E19FB4651BD2831800451106 /* tic tac toe */ = {
			isa = PBXGroup;
			children = (
				E19FB4661BD2831800451106 /* AppDelegate.swift */,
				E1E4F25D1C020E0300293E3F /* SettingsManager.swift */,
				E19FB4681BD2831800451106 /* StartViewController.swift */,
				E12043BD1BD28FA30042A843 /* GameStandardViewController.swift */,
				E1E589881C25855C00C2C784 /* GameExtendedViewController.swift */,
				E12043BF1BD290630042A843 /* SettingsViewController.swift */,
				E19CC6361C4179AC007DF322 /* FigureViewController.swift */,
				E19FB46A1BD2831800451106 /* Main.storyboard */,
				E19FB46D1BD2831800451106 /* Assets.xcassets */,
				E19FB46F1BD2831800451106 /* Info.plist */,
			);
			path = "tic tac toe";
			sourceTree = "<group>";
		};
/* End PBXGroup section */

/* Begin PBXNativeTarget section */
		E19FB4621BD2831800451106 /* tic tac toe */ = {
			isa = PBXNativeTarget;
			buildConfigurationList = E19FB4721BD2831800451106 /* Build configuration list for PBXNativeTarget "tic tac toe" */;
			buildPhases = (
				E19FB45F1BD2831800451106 /* Sources */,
				E19FB4601BD2831800451106 /* Frameworks */,
				E19FB4611BD2831800451106 /* Resources */,
			);
			buildRules = (
			);
			dependencies = (
			);
			name = "tic tac toe";
			productName = "tic tac toe";
			productReference = E19FB4631BD2831800451106 /* tic tac toe.app */;
			productType = "com.apple.product-type.application";
		};
/* End PBXNativeTarget section */

/* Begin PBXProject section */
		E19FB45B1BD2831800451106 /* Project object */ = {
			isa = PBXProject;
			attributes = {
				LastUpgradeCheck = 0710;
				ORGANIZATIONNAME = "Hanno Repnak";
				TargetAttributes = {
					E19FB4621BD2831800451106 = {
						CreatedOnToolsVersion = 7.1;
						DevelopmentTeam = C94AWRG27S;
					};
				};
			};
			buildConfigurationList = E19FB45E1BD2831800451106 /* Build configuration list for PBXProject "tic tac toe" */;
			compatibilityVersion = "Xcode 3.2";
			developmentRegion = English;
			hasScannedForEncodings = 0;
			knownRegions = (
				en,
				Base,
			);
			mainGroup = E19FB45A1BD2831800451106;
			productRefGroup = E19FB4641BD2831800451106 /* Products */;
			projectDirPath = "";
			projectRoot = "";
			targets = (
				E19FB4621BD2831800451106 /* tic tac toe */,
			);
		};
/* End PBXProject section */

/* Begin PBXResourcesBuildPhase section */
		E19FB4611BD2831800451106 /* Resources */ = {
			isa = PBXResourcesBuildPhase;
			buildActionMask = 2147483647;
			files = (
				E19FB46E1BD2831800451106 /* Assets.xcassets in Resources */,
				E19FB46C1BD2831800451106 /* Main.storyboard in Resources */,
			);
			runOnlyForDeploymentPostprocessing = 0;
		};
/* End PBXResourcesBuildPhase section */

/* Begin PBXSourcesBuildPhase section */
		E19FB45F1BD2831800451106 /* Sources */ = {
			isa = PBXSourcesBuildPhase;
			buildActionMask = 2147483647;
			files = (
				E19FB4691BD2831800451106 /* StartViewController.swift in Sources */,
				E1E4F25E1C020E0300293E3F /* SettingsManager.swift in Sources */,
				E1E589891C25855C00C2C784 /* GameExtendedViewController.swift in Sources */,
				E12043BE1BD28FA30042A843 /* GameStandardViewController.swift in Sources */,
				E19FB4671BD2831800451106 /* AppDelegate.swift in Sources */,
				E19CC6371C4179AC007DF322 /* FigureViewController.swift in Sources */,
				E12043C01BD290630042A843 /* SettingsViewController.swift in Sources */,
			);
			runOnlyForDeploymentPostprocessing = 0;
		};
/* End PBXSourcesBuildPhase section */

/* Begin PBXVariantGroup section */
		E19FB46A1BD2831800451106 /* Main.storyboard */ = {
			isa = PBXVariantGroup;
			children = (
				E19FB46B1BD2831800451106 /* Base */,
			);
			name = Main.storyboard;
			sourceTree = "<group>";
		};
/* End PBXVariantGroup section */

/* Begin XCBuildConfiguration section */
		E19FB4701BD2831800451106 /* Debug */ = {
			isa = XCBuildConfiguration;
			buildSettings = {
				ALWAYS_SEARCH_USER_PATHS = NO;
				CLANG_CXX_LANGUAGE_STANDARD = "gnu++0x";
				CLANG_CXX_LIBRARY = "libc++";
				CLANG_ENABLE_MODULES = YES;
				CLANG_ENABLE_OBJC_ARC = YES;
				CLANG_WARN_BOOL_CONVERSION = YES;
				CLANG_WARN_CONSTANT_CONVERSION = YES;
				CLANG_WARN_DIRECT_OBJC_ISA_USAGE = YES_ERROR;
				CLANG_WARN_EMPTY_BODY = YES;
				CLANG_WARN_ENUM_CONVERSION = YES;
				CLANG_WARN_INT_CONVERSION = YES;
				CLANG_WARN_OBJC_ROOT_CLASS = YES_ERROR;
				CLANG_WARN_UNREACHABLE_CODE = YES;
				CLANG_WARN__DUPLICATE_METHOD_MATCH = YES;
				COPY_PHASE_STRIP = NO;
				DEBUG_INFORMATION_FORMAT = dwarf;
				ENABLE_STRICT_OBJC_MSGSEND = YES;
				ENABLE_TESTABILITY = YES;
				GCC_C_LANGUAGE_STANDARD = gnu99;
				GCC_DYNAMIC_NO_PIC = NO;
				GCC_NO_COMMON_BLOCKS = YES;
				GCC_OPTIMIZATION_LEVEL = 0;
				GCC_PREPROCESSOR_DEFINITIONS = (
					"DEBUG=1",
					"$(inherited)",
				);
				GCC_WARN_64_TO_32_BIT_CONVERSION = YES;
				GCC_WARN_ABOUT_RETURN_TYPE = YES_ERROR;
				GCC_WARN_UNDECLARED_SELECTOR = YES;
				GCC_WARN_UNINITIALIZED_AUTOS = YES_AGGRESSIVE;
				GCC_WARN_UNUSED_FUNCTION = YES;
				GCC_WARN_UNUSED_VARIABLE = YES;
				MTL_ENABLE_DEBUG_INFO = YES;
				ONLY_ACTIVE_ARCH = YES;
				SDKROOT = appletvos;
				SWIFT_OPTIMIZATION_LEVEL = "-Onone";
				TARGETED_DEVICE_FAMILY = 3;
				TVOS_DEPLOYMENT_TARGET = 9.0;
			};
			name = Debug;
		};
		E19FB4711BD2831800451106 /* Release */ = {
			isa = XCBuildConfiguration;
			buildSettings = {
				ALWAYS_SEARCH_USER_PATHS = NO;
				CLANG_CXX_LANGUAGE_STANDARD = "gnu++0x";
				CLANG_CXX_LIBRARY = "libc++";
				CLANG_ENABLE_MODULES = YES;
				CLANG_ENABLE_OBJC_ARC = YES;
				CLANG_WARN_BOOL_CONVERSION = YES;
				CLANG_WARN_CONSTANT_CONVERSION = YES;
				CLANG_WARN_DIRECT_OBJC_ISA_USAGE = YES_ERROR;
				CLANG_WARN_EMPTY_BODY = YES;
				CLANG_WARN_ENUM_CONVERSION = YES;
				CLANG_WARN_INT_CONVERSION = YES;
				CLANG_WARN_OBJC_ROOT_CLASS = YES_ERROR;
				CLANG_WARN_UNREACHABLE_CODE = YES;
				CLANG_WARN__DUPLICATE_METHOD_MATCH = YES;
				COPY_PHASE_STRIP = NO;
				DEBUG_INFORMATION_FORMAT = "dwarf-with-dsym";
				ENABLE_NS_ASSERTIONS = NO;
				ENABLE_STRICT_OBJC_MSGSEND = YES;
				GCC_C_LANGUAGE_STANDARD = gnu99;
				GCC_NO_COMMON_BLOCKS = YES;
				GCC_WARN_64_TO_32_BIT_CONVERSION = YES;
				GCC_WARN_ABOUT_RETURN_TYPE = YES_ERROR;
				GCC_WARN_UNDECLARED_SELECTOR = YES;
				GCC_WARN_UNINITIALIZED_AUTOS = YES_AGGRESSIVE;
				GCC_WARN_UNUSED_FUNCTION = YES;
				GCC_WARN_UNUSED_VARIABLE = YES;
				MTL_ENABLE_DEBUG_INFO = NO;
				SDKROOT = appletvos;
				TARGETED_DEVICE_FAMILY = 3;
				TVOS_DEPLOYMENT_TARGET = 9.0;
				VALIDATE_PRODUCT = YES;
			};
			name = Release;
		};
		E19FB4731BD2831800451106 /* Debug */ = {
			isa = XCBuildConfiguration;
			buildSettings = {
				ASSETCATALOG_COMPILER_APPICON_NAME = "App Icon & Top Shelf Image";
				ASSETCATALOG_COMPILER_LAUNCHIMAGE_NAME = LaunchImage;
				CODE_SIGN_IDENTITY = "iPhone Developer";
				INFOPLIST_FILE = "tic tac toe/Info.plist";
				LD_RUNPATH_SEARCH_PATHS = "$(inherited) @executable_path/Frameworks";
				PRODUCT_BUNDLE_IDENTIFIER = "de.slice-dice.tic-tac-toe";
				PRODUCT_NAME = "$(TARGET_NAME)";
			};
			name = Debug;
		};
		E19FB4741BD2831800451106 /* Release */ = {
			isa = XCBuildConfiguration;
			buildSettings = {
				ASSETCATALOG_COMPILER_APPICON_NAME = "App Icon & Top Shelf Image";
				ASSETCATALOG_COMPILER_LAUNCHIMAGE_NAME = LaunchImage;
				CODE_SIGN_IDENTITY = "iPhone Developer";
				INFOPLIST_FILE = "tic tac toe/Info.plist";
				LD_RUNPATH_SEARCH_PATHS = "$(inherited) @executable_path/Frameworks";
				PRODUCT_BUNDLE_IDENTIFIER = "de.slice-dice.tic-tac-toe";
				PRODUCT_NAME = "$(TARGET_NAME)";
			};
			name = Release;
		};
/* End XCBuildConfiguration section */

/* Begin XCConfigurationList section */
		E19FB45E1BD2831800451106 /* Build configuration list for PBXProject "tic tac toe" */ = {
			isa = XCConfigurationList;
			buildConfigurations = (
				E19FB4701BD2831800451106 /* Debug */,
				E19FB4711BD2831800451106 /* Release */,
			);
			defaultConfigurationIsVisible = 0;
			defaultConfigurationName = Release;
		};
		E19FB4721BD2831800451106 /* Build configuration list for PBXNativeTarget "tic tac toe" */ = {
			isa = XCConfigurationList;
			buildConfigurations = (
				E19FB4731BD2831800451106 /* Debug */,
				E19FB4741BD2831800451106 /* Release */,
			);
			defaultConfigurationIsVisible = 0;
			defaultConfigurationName = Release;
		};
/* End XCConfigurationList section */
	};
	rootObject = E19FB45B1BD2831800451106 /* Project object */;
}
